
Microsoft Visual Studio Solution File, Format Version 12.00
Project("{FAE04EC0-301F-11D3-BF4B-00C04F79EFBC}") = "CogDockerTest", "CogDockerTest\CogDockerTest.csproj", "{C5EA4170-A4CE-427F-847A-81D877A7B569}"
EndProject
Global
	GlobalSection(SolutionConfigurationPlatforms) = preSolution
		Debug|Any CPU = Debug|Any CPU
		Release|Any CPU = Release|Any CPU
	EndGlobalSection
	GlobalSection(ProjectConfigurationPlatforms) = postSolution
		{C5EA4170-A4CE-427F-847A-81D877A7B569}.Debug|Any CPU.ActiveCfg = Debug|Any CPU
		{C5EA4170-A4CE-427F-847A-81D877A7B569}.Debug|Any CPU.Build.0 = Debug|Any CPU
		{C5EA4170-A4CE-427F-847A-81D877A7B569}.Release|Any CPU.ActiveCfg = Release|Any CPU
		{C5EA4170-A4CE-427F-847A-81D877A7B569}.Release|Any CPU.Build.0 = Release|Any CPU
	EndGlobalSection
EndGlobal
